
Microsoft Visual Studio Solution File, Format Version 12.00
# Visual Studio 2015
Project("{FAE04EC0-301F-11D3-BF4B-00C04F79EFBC}") = "DadGame", "DadGame.csproj", "{098679FF-3DC2-8115-77FE-C2B7CA2540DD}"
EndProject
Project("{FAE04EC0-301F-11D3-BF4B-00C04F79EFBC}") = "DadGame.Editor", "DadGame.Editor.csproj", "{0FE50DF2-58AC-FFA2-7674-67F9E8BF397C}"
EndProject
Global
	GlobalSection(SolutionConfigurationPlatforms) = preSolution
		Debug|Any CPU = Debug|Any CPU
		Release|Any CPU = Release|Any CPU
	EndGlobalSection
	GlobalSection(ProjectConfigurationPlatforms) = postSolution
		{098679FF-3DC2-8115-77FE-C2B7CA2540DD}.Debug|Any CPU.ActiveCfg = Debug|Any CPU
		{098679FF-3DC2-8115-77FE-C2B7CA2540DD}.Debug|Any CPU.Build.0 = Debug|Any CPU
		{098679FF-3DC2-8115-77FE-C2B7CA2540DD}.Release|Any CPU.ActiveCfg = Release|Any CPU
		{098679FF-3DC2-8115-77FE-C2B7CA2540DD}.Release|Any CPU.Build.0 = Release|Any CPU
		{0FE50DF2-58AC-FFA2-7674-67F9E8BF397C}.Debug|Any CPU.ActiveCfg = Debug|Any CPU
		{0FE50DF2-58AC-FFA2-7674-67F9E8BF397C}.Debug|Any CPU.Build.0 = Debug|Any CPU
		{0FE50DF2-58AC-FFA2-7674-67F9E8BF397C}.Release|Any CPU.ActiveCfg = Release|Any CPU
		{0FE50DF2-58AC-FFA2-7674-67F9E8BF397C}.Release|Any CPU.Build.0 = Release|Any CPU
	EndGlobalSection
	GlobalSection(SolutionProperties) = preSolution
		HideSolutionNode = FALSE
	EndGlobalSection
EndGlobal
