Microsoft Visual Studio Solution File, Format Version 11.00
# Visual Studio 2008

Project("{92629637-B6AE-5EB8-041C-46AB40A64808}") = "DadGame", "Assembly-CSharp.csproj", "{316333BB-039B-8A9E-BD0A-7A604BF3C5B5}"
EndProject
Project("{92629637-B6AE-5EB8-041C-46AB40A64808}") = "DadGame", "Assembly-CSharp-Editor.csproj", "{9FB4B470-863E-129C-670E-024FE7313474}"
EndProject
Global
	GlobalSection(SolutionConfigurationPlatforms) = preSolution
		Debug|Any CPU = Debug|Any CPU
		Release|Any CPU = Release|Any CPU
	EndGlobalSection
	GlobalSection(ProjectConfigurationPlatforms) = postSolution
		{316333BB-039B-8A9E-BD0A-7A604BF3C5B5}.Debug|Any CPU.ActiveCfg = Debug|Any CPU
		{316333BB-039B-8A9E-BD0A-7A604BF3C5B5}.Debug|Any CPU.Build.0 = Debug|Any CPU
		{316333BB-039B-8A9E-BD0A-7A604BF3C5B5}.Release|Any CPU.ActiveCfg = Release|Any CPU
		{316333BB-039B-8A9E-BD0A-7A604BF3C5B5}.Release|Any CPU.Build.0 = Release|Any CPU
		{9FB4B470-863E-129C-670E-024FE7313474}.Debug|Any CPU.ActiveCfg = Debug|Any CPU
		{9FB4B470-863E-129C-670E-024FE7313474}.Debug|Any CPU.Build.0 = Debug|Any CPU
		{9FB4B470-863E-129C-670E-024FE7313474}.Release|Any CPU.ActiveCfg = Release|Any CPU
		{9FB4B470-863E-129C-670E-024FE7313474}.Release|Any CPU.Build.0 = Release|Any CPU
	EndGlobalSection
	GlobalSection(SolutionProperties) = preSolution
		HideSolutionNode = FALSE
	EndGlobalSection
	GlobalSection(MonoDevelopProperties) = preSolution
		StartupItem = Assembly-CSharp.csproj
	EndGlobalSection
EndGlobal
